
Microsoft Visual Studio Solution File, Format Version 12.00
# Visual Studio Version 17
VisualStudioVersion = 17.9.34616.47
MinimumVisualStudioVersion = 10.0.40219.1
Project("{FAE04EC0-301F-11D3-BF4B-00C04F79EFBC}") = "IceSync", "IceSync\IceSync.csproj", "{B1F13FBB-B5E1-4E99-86AE-5ADB2E96E2CF}"
EndProject
Global
	GlobalSection(SolutionConfigurationPlatforms) = preSolution
		Debug|Any CPU = Debug|Any CPU
		Release|Any CPU = Release|Any CPU
	EndGlobalSection
	GlobalSection(ProjectConfigurationPlatforms) = postSolution
		{B1F13FBB-B5E1-4E99-86AE-5ADB2E96E2CF}.Debug|Any CPU.ActiveCfg = Debug|Any CPU
		{B1F13FBB-B5E1-4E99-86AE-5ADB2E96E2CF}.Debug|Any CPU.Build.0 = Debug|Any CPU
		{B1F13FBB-B5E1-4E99-86AE-5ADB2E96E2CF}.Release|Any CPU.ActiveCfg = Release|Any CPU
		{B1F13FBB-B5E1-4E99-86AE-5ADB2E96E2CF}.Release|Any CPU.Build.0 = Release|Any CPU
	EndGlobalSection
	GlobalSection(SolutionProperties) = preSolution
		HideSolutionNode = FALSE
	EndGlobalSection
	GlobalSection(ExtensibilityGlobals) = postSolution
		SolutionGuid = {AF564EF8-997F-490C-ACE8-DA67CFB32165}
	EndGlobalSection
EndGlobal
